Microsoft Visual Studio Solution File, Format Version 12.00
# Visual Studio Version 18
VisualStudioVersion = 18.0.11222.15 d18.0
MinimumVisualStudioVersion = 10.0.40219.1
Project("{FAE04EC0-301F-11D3-BF4B-00C04F79EFBC}") = "OnlineStoreMVP.AppHost", "OnlineStoreMVP.AppHost\OnlineStoreMVP.AppHost.csproj", "{D9F0DE42-1762-4D78-B058-D5528589B32B}"
EndProject
Project("{FAE04EC0-301F-11D3-BF4B-00C04F79EFBC}") = "OnlineStoreMVP.ServiceDefaults", "OnlineStoreMVP.ServiceDefaults\OnlineStoreMVP.ServiceDefaults.csproj", "{C63954A2-E413-BC7F-E65A-9D81E7E59576}"
EndProject
Project("{2150E333-8FDC-42A3-9474-1A3956D46DE8}") = "src", "src", "{0EBF14AE-B6BA-446D-8714-71194438CC9D}"
EndProject
Project("{2150E333-8FDC-42A3-9474-1A3956D46DE8}") = "tests", "tests", "{AAEB6C2D-BC1F-4878-A552-346C79B52A63}"
EndProject
Project("{2150E333-8FDC-42A3-9474-1A3956D46DE8}") = "Aspire", "Aspire", "{E7884B6F-6314-4BBD-8D93-4E314E61E980}"
EndProject
Project("{FAE04EC0-301F-11D3-BF4B-00C04F79EFBC}") = "CatalogApi", "CatalogApi\CatalogApi.csproj", "{BBD5EE57-440E-8FA1-228D-36EE471F1715}"
EndProject
Project("{FAE04EC0-301F-11D3-BF4B-00C04F79EFBC}") = "OrdersApi", "OrdersApi\OrdersApi.csproj", "{E183E672-FBDF-F964-514C-598E6FF65128}"
EndProject
Project("{FAE04EC0-301F-11D3-BF4B-00C04F79EFBC}") = "CustomersApi", "CustomersApi\CustomersApi.csproj", "{0DFDD4DD-4044-39C9-7433-6A39FF38EE2B}"
EndProject
Project("{FAE04EC0-301F-11D3-BF4B-00C04F79EFBC}") = "PaymentsApi", "PaymentsApi\PaymentsApi.csproj", "{DB599C31-FBA6-ECA6-EDD5-DFF3C06B8986}"
EndProject
Project("{2150E333-8FDC-42A3-9474-1A3956D46DE8}") = "docs", "docs", "{B8D7AD2B-DA20-4EF2-A86A-172E604E18FB}"
	ProjectSection(SolutionItems) = preProject
		Environment Prerequisites Setup.md = Environment Prerequisites Setup.md
	EndProjectSection
EndProject
Global
	GlobalSection(SolutionConfigurationPlatforms) = preSolution
		Debug|Any CPU = Debug|Any CPU
		Release|Any CPU = Release|Any CPU
	EndGlobalSection
	GlobalSection(ProjectConfigurationPlatforms) = postSolution
		{D9F0DE42-1762-4D78-B058-D5528589B32B}.Debug|Any CPU.ActiveCfg = Debug|Any CPU
		{D9F0DE42-1762-4D78-B058-D5528589B32B}.Debug|Any CPU.Build.0 = Debug|Any CPU
		{D9F0DE42-1762-4D78-B058-D5528589B32B}.Release|Any CPU.ActiveCfg = Release|Any CPU
		{D9F0DE42-1762-4D78-B058-D5528589B32B}.Release|Any CPU.Build.0 = Release|Any CPU
		{C63954A2-E413-BC7F-E65A-9D81E7E59576}.Debug|Any CPU.ActiveCfg = Debug|Any CPU
		{C63954A2-E413-BC7F-E65A-9D81E7E59576}.Debug|Any CPU.Build.0 = Debug|Any CPU
		{C63954A2-E413-BC7F-E65A-9D81E7E59576}.Release|Any CPU.ActiveCfg = Release|Any CPU
		{C63954A2-E413-BC7F-E65A-9D81E7E59576}.Release|Any CPU.Build.0 = Release|Any CPU
		{BBD5EE57-440E-8FA1-228D-36EE471F1715}.Debug|Any CPU.ActiveCfg = Debug|Any CPU
		{BBD5EE57-440E-8FA1-228D-36EE471F1715}.Debug|Any CPU.Build.0 = Debug|Any CPU
		{BBD5EE57-440E-8FA1-228D-36EE471F1715}.Release|Any CPU.ActiveCfg = Release|Any CPU
		{BBD5EE57-440E-8FA1-228D-36EE471F1715}.Release|Any CPU.Build.0 = Release|Any CPU
		{E183E672-FBDF-F964-514C-598E6FF65128}.Debug|Any CPU.ActiveCfg = Debug|Any CPU
		{E183E672-FBDF-F964-514C-598E6FF65128}.Debug|Any CPU.Build.0 = Debug|Any CPU
		{E183E672-FBDF-F964-514C-598E6FF65128}.Release|Any CPU.ActiveCfg = Release|Any CPU
		{E183E672-FBDF-F964-514C-598E6FF65128}.Release|Any CPU.Build.0 = Release|Any CPU
		{0DFDD4DD-4044-39C9-7433-6A39FF38EE2B}.Debug|Any CPU.ActiveCfg = Debug|Any CPU
		{0DFDD4DD-4044-39C9-7433-6A39FF38EE2B}.Debug|Any CPU.Build.0 = Debug|Any CPU
		{0DFDD4DD-4044-39C9-7433-6A39FF38EE2B}.Release|Any CPU.ActiveCfg = Release|Any CPU
		{0DFDD4DD-4044-39C9-7433-6A39FF38EE2B}.Release|Any CPU.Build.0 = Release|Any CPU
		{DB599C31-FBA6-ECA6-EDD5-DFF3C06B8986}.Debug|Any CPU.ActiveCfg = Debug|Any CPU
		{DB599C31-FBA6-ECA6-EDD5-DFF3C06B8986}.Debug|Any CPU.Build.0 = Debug|Any CPU
		{DB599C31-FBA6-ECA6-EDD5-DFF3C06B8986}.Release|Any CPU.ActiveCfg = Release|Any CPU
		{DB599C31-FBA6-ECA6-EDD5-DFF3C06B8986}.Release|Any CPU.Build.0 = Release|Any CPU
	EndGlobalSection
	GlobalSection(SolutionProperties) = preSolution
		HideSolutionNode = FALSE
	EndGlobalSection
	GlobalSection(NestedProjects) = preSolution
		{D9F0DE42-1762-4D78-B058-D5528589B32B} = {E7884B6F-6314-4BBD-8D93-4E314E61E980}
		{C63954A2-E413-BC7F-E65A-9D81E7E59576} = {E7884B6F-6314-4BBD-8D93-4E314E61E980}
		{BBD5EE57-440E-8FA1-228D-36EE471F1715} = {0EBF14AE-B6BA-446D-8714-71194438CC9D}
		{E183E672-FBDF-F964-514C-598E6FF65128} = {0EBF14AE-B6BA-446D-8714-71194438CC9D}
		{0DFDD4DD-4044-39C9-7433-6A39FF38EE2B} = {0EBF14AE-B6BA-446D-8714-71194438CC9D}
		{DB599C31-FBA6-ECA6-EDD5-DFF3C06B8986} = {0EBF14AE-B6BA-446D-8714-71194438CC9D}
	EndGlobalSection
	GlobalSection(ExtensibilityGlobals) = postSolution
		SolutionGuid = {7C31FDC7-5759-4165-9D5C-BDD1FF5502BA}
	EndGlobalSection
EndGlobal
